PODS:
  - IDOBlueProtocol (3.9.5)
  - IDOBluetooth (3.5.9):
    - IDOBlueProtocol
  - IDOBlueUpdate (3.4.7):
    - IDOBlueProtocol

DEPENDENCIES:
  - IDOBlueProtocol (= 3.9.5)
  - IDOBluetooth (= 3.5.9)
  - IDOBlueUpdate (= 3.4.7)

SPEC REPOS:
  https://github.com/idoosmart/IDOSmartSpec.git:
    - IDOBlueProtocol
    - IDOBluetooth
    - IDOBlueUpdate

SPEC CHECKSUMS:
  IDOBlueProtocol: b15ade1033c19676c677d9417c1a2263638ee701
  IDOBluetooth: 43f54f36f423a64892a40bb42f33c865b026d4c7
  IDOBlueUpdate: 27b34e3d3202346ac3299970281e251b388f1351

PODFILE CHECKSUM: 88b14079dbea8052f773b5caae22ecd48a806de2

COCOAPODS: 1.9.3
