PODS:
  - IDOBlueProtocol (3.37.3)
  - IDOBluetooth (3.13.0):
    - IDOBlueProtocol
  - IDOBlueUpdate (3.6.5):
    - IDOBlueProtocol

DEPENDENCIES:
  - IDOBlueProtocol
  - IDOBluetooth
  - IDOBlueUpdate

SPEC REPOS:
  https://github.com/idoosmart/IDOSmartSpec.git:
    - IDOBlueProtocol
    - IDOBluetooth
    - IDOBlueUpdate

SPEC CHECKSUMS:
  IDOBlueProtocol: 7871935ae432aaea585f3d73f5418e7fbab7b6dc
  IDOBluetooth: 4a6e1bda8a72ca4f0bd973d515580ad3b3bc6691
  IDOBlueUpdate: 2e7afcf6d557f2e38d16c43089a090ccd63072cb

PODFILE CHECKSUM: 312dd79334faab13fcfd8f9ff4cf87b38eb1b65b

COCOAPODS: 1.10.1
