PODS:
  - IDOBlueProtocol (3.13.0)
  - IDOBluetooth (3.6.7):
    - IDOBlueProtocol
  - IDOBlueUpdate (3.5.0):
    - IDOBlueProtocol

DEPENDENCIES:
  - IDOBlueProtocol
  - IDOBluetooth
  - IDOBlueUpdate

SPEC REPOS:
  https://github.com/idoosmart/IDOSmartSpec:
    - IDOBlueProtocol
    - IDOBluetooth
    - IDOBlueUpdate

SPEC CHECKSUMS:
  IDOBlueProtocol: d71c827fc1e180427b2e90f44a0eaea0dbfa2dda
  IDOBluetooth: 4c5815929f589b6e8e2e845d46af93abbb4c884a
  IDOBlueUpdate: a6c6931288c2026c8413d2e591f6d03e4f4d352b

PODFILE CHECKSUM: 52a4f3c2df255e3d8ecd1faccd6d7020a39ecfa1

COCOAPODS: 1.10.0
