// !$*UTF8*$!
{
	archiveVersion = 1;
	classes = {
	};
	objectVersion = 50;
	objects = {

/* Begin PBXBuildFile section */
		9B72800222AF970D0082D255 /* AppDelegate.swift in Sources */ = {isa = PBXBuildFile; fileRef = 9B72800122AF970D0082D255 /* AppDelegate.swift */; };
		9B72800422AF970D0082D255 /* ViewController.swift in Sources */ = {isa = PBXBuildFile; fileRef = 9B72800322AF970D0082D255 /* ViewController.swift */; };
		9B72800922AF97100082D255 /* Assets.xcassets in Resources */ = {isa = PBXBuildFile; fileRef = 9B72800822AF97100082D255 /* Assets.xcassets */; };
		9B72800C22AF97100082D255 /* LaunchScreen.storyboard in Resources */ = {isa = PBXBuildFile; fileRef = 9B72800A22AF97100082D255 /* LaunchScreen.storyboard */; };
		9B7C606222B7D3D40048ADDD /* libsqlite3.0.tbd in Frameworks */ = {isa = PBXBuildFile; fileRef = 9B72801C22AF97AF0082D255 /* libsqlite3.0.tbd */; };
		9B8431C722B0881E0061AE5B /* BindedViewController.swift in Sources */ = {isa = PBXBuildFile; fileRef = 9B8431C622B0881E0061AE5B /* BindedViewController.swift */; };
		9B8431D622B0A5DC0061AE5B /* MBProgressHUD.m in Sources */ = {isa = PBXBuildFile; fileRef = 9B8431D422B0A5DC0061AE5B /* MBProgressHUD.m */; };
		9BB448AB22B8E8140011845E /* IDOBluetooth.framework in Frameworks */ = {isa = PBXBuildFile; fileRef = 9BB448A822B8E8140011845E /* IDOBluetooth.framework */; };
		9BB448AC22B8E8140011845E /* IDOBlueUpdate.framework in Frameworks */ = {isa = PBXBuildFile; fileRef = 9BB448A922B8E8140011845E /* IDOBlueUpdate.framework */; };
		9BB448AD22B8E8140011845E /* IDOBlueProtocol.framework in Frameworks */ = {isa = PBXBuildFile; fileRef = 9BB448AA22B8E8140011845E /* IDOBlueProtocol.framework */; };
		9BD14DD622B2233300F8A5C2 /* GetBlueInfoViewController.swift in Sources */ = {isa = PBXBuildFile; fileRef = 9BD14DD522B2233300F8A5C2 /* GetBlueInfoViewController.swift */; };
		9BD14DF522B2270F00F8A5C2 /* NSLayoutConstraint+MASDebugAdditions.m in Sources */ = {isa = PBXBuildFile; fileRef = 9BD14DDC22B2270F00F8A5C2 /* NSLayoutConstraint+MASDebugAdditions.m */; };
		9BD14DF622B2270F00F8A5C2 /* ViewController+MASAdditions.m in Sources */ = {isa = PBXBuildFile; fileRef = 9BD14DE522B2270F00F8A5C2 /* ViewController+MASAdditions.m */; };
		9BD14DF722B2270F00F8A5C2 /* MASCompositeConstraint.m in Sources */ = {isa = PBXBuildFile; fileRef = 9BD14DE922B2270F00F8A5C2 /* MASCompositeConstraint.m */; };
		9BD14DF822B2270F00F8A5C2 /* MASConstraintMaker.m in Sources */ = {isa = PBXBuildFile; fileRef = 9BD14DEA22B2270F00F8A5C2 /* MASConstraintMaker.m */; };
		9BD14DF922B2270F00F8A5C2 /* MASLayoutConstraint.m in Sources */ = {isa = PBXBuildFile; fileRef = 9BD14DEB22B2270F00F8A5C2 /* MASLayoutConstraint.m */; };
		9BD14DFA22B2270F00F8A5C2 /* NSArray+MASAdditions.m in Sources */ = {isa = PBXBuildFile; fileRef = 9BD14DEC22B2270F00F8A5C2 /* NSArray+MASAdditions.m */; };
		9BD14DFB22B2270F00F8A5C2 /* View+MASAdditions.m in Sources */ = {isa = PBXBuildFile; fileRef = 9BD14DED22B2270F00F8A5C2 /* View+MASAdditions.m */; };
		9BD14DFC22B2270F00F8A5C2 /* MASConstraint.m in Sources */ = {isa = PBXBuildFile; fileRef = 9BD14DF022B2270F00F8A5C2 /* MASConstraint.m */; };
		9BD14DFD22B2270F00F8A5C2 /* MASViewConstraint.m in Sources */ = {isa = PBXBuildFile; fileRef = 9BD14DF222B2270F00F8A5C2 /* MASViewConstraint.m */; };
		9BD14DFE22B2270F00F8A5C2 /* MASViewAttribute.m in Sources */ = {isa = PBXBuildFile; fileRef = 9BD14DF322B2270F00F8A5C2 /* MASViewAttribute.m */; };
		9BD14E0322B2540B00F8A5C2 /* NSObject+ModelToDic.m in Sources */ = {isa = PBXBuildFile; fileRef = 9BD14E0122B2540B00F8A5C2 /* NSObject+ModelToDic.m */; };
/* End PBXBuildFile section */

/* Begin PBXFileReference section */
		9B727FFE22AF970D0082D255 /* SwiftDemo.app */ = {isa = PBXFileReference; explicitFileType = wrapper.application; includeInIndex = 0; path = SwiftDemo.app; sourceTree = BUILT_PRODUCTS_DIR; };
		9B72800122AF970D0082D255 /* AppDelegate.swift */ = {isa = PBXFileReference; lastKnownFileType = sourcecode.swift; path = AppDelegate.swift; sourceTree = "<group>"; };
		9B72800322AF970D0082D255 /* ViewController.swift */ = {isa = PBXFileReference; lastKnownFileType = sourcecode.swift; path = ViewController.swift; sourceTree = "<group>"; };
		9B72800822AF97100082D255 /* Assets.xcassets */ = {isa = PBXFileReference; lastKnownFileType = folder.assetcatalog; path = Assets.xcassets; sourceTree = "<group>"; };
		9B72800B22AF97100082D255 /* Base */ = {isa = PBXFileReference; lastKnownFileType = file.storyboard; name = Base; path = Base.lproj/LaunchScreen.storyboard; sourceTree = "<group>"; };
		9B72800D22AF97100082D255 /* Info.plist */ = {isa = PBXFileReference; lastKnownFileType = text.plist.xml; path = Info.plist; sourceTree = "<group>"; };
		9B72801C22AF97AF0082D255 /* libsqlite3.0.tbd */ = {isa = PBXFileReference; lastKnownFileType = "sourcecode.text-based-dylib-definition"; name = libsqlite3.0.tbd; path = usr/lib/libsqlite3.0.tbd; sourceTree = SDKROOT; };
		9B8431C622B0881E0061AE5B /* BindedViewController.swift */ = {isa = PBXFileReference; lastKnownFileType = sourcecode.swift; path = BindedViewController.swift; sourceTree = "<group>"; };
		9B8431D422B0A5DC0061AE5B /* MBProgressHUD.m */ = {isa = PBXFileReference; fileEncoding = 4; lastKnownFileType = sourcecode.c.objc; path = MBProgressHUD.m; sourceTree = "<group>"; };
		9B8431D522B0A5DC0061AE5B /* MBProgressHUD.h */ = {isa = PBXFileReference; fileEncoding = 4; lastKnownFileType = sourcecode.c.h; path = MBProgressHUD.h; sourceTree = "<group>"; };
		9B8431D722B0A6800061AE5B /* SwiftDemo-Bridging-Header.h */ = {isa = PBXFileReference; lastKnownFileType = sourcecode.c.h; path = "SwiftDemo-Bridging-Header.h"; sourceTree = "<group>"; };
		9BA68FF622B8D02B00A69984 /* IDOWeightBluetoothModel.h */ = {isa = PBXFileReference; fileEncoding = 4; lastKnownFileType = sourcecode.c.h; path = IDOWeightBluetoothModel.h; sourceTree = "<group>"; };
		9BA68FF722B8D02B00A69984 /* IDOSyncInfoBluetoothModel.h */ = {isa = PBXFileReference; fileEncoding = 4; lastKnownFileType = sourcecode.c.h; path = IDOSyncInfoBluetoothModel.h; sourceTree = "<group>"; };
		9BA68FF822B8D02B00A69984 /* IDODataExchangeModel.h */ = {isa = PBXFileReference; fileEncoding = 4; lastKnownFileType = sourcecode.c.h; path = IDODataExchangeModel.h; sourceTree = "<group>"; };
		9BA68FF922B8D02B00A69984 /* IDOGetInfoBluetoothModel.h */ = {isa = PBXFileReference; fileEncoding = 4; lastKnownFileType = sourcecode.c.h; path = IDOGetInfoBluetoothModel.h; sourceTree = "<group>"; };
		9BA68FFA22B8D02B00A69984 /* IDOSyncBop.h */ = {isa = PBXFileReference; fileEncoding = 4; lastKnownFileType = sourcecode.c.h; path = IDOSyncBop.h; sourceTree = "<group>"; };
		9BA68FFB22B8D02B00A69984 /* IDOCalculateBluetoothModel.h */ = {isa = PBXFileReference; fileEncoding = 4; lastKnownFileType = sourcecode.c.h; path = IDOCalculateBluetoothModel.h; sourceTree = "<group>"; };
		9BA68FFC22B8D02B00A69984 /* IDOErrorCodeToStr.h */ = {isa = PBXFileReference; fileEncoding = 4; lastKnownFileType = sourcecode.c.h; path = IDOErrorCodeToStr.h; sourceTree = "<group>"; };
		9BA68FFD22B8D02B00A69984 /* IDOUpdateAgpsManager.h */ = {isa = PBXFileReference; fileEncoding = 4; lastKnownFileType = sourcecode.c.h; path = IDOUpdateAgpsManager.h; sourceTree = "<group>"; };
		9BA68FFE22B8D02B00A69984 /* IDOSyncHealth.h */ = {isa = PBXFileReference; fileEncoding = 4; lastKnownFileType = sourcecode.c.h; path = IDOSyncHealth.h; sourceTree = "<group>"; };
		9BA68FFF22B8D02B00A69984 /* IDORecordDeviceLog.h */ = {isa = PBXFileReference; fileEncoding = 4; lastKnownFileType = sourcecode.c.h; path = IDORecordDeviceLog.h; sourceTree = "<group>"; };
		9BA6900022B8D02B00A69984 /* IDODataMigrationManager.h */ = {isa = PBXFileReference; fileEncoding = 4; lastKnownFileType = sourcecode.c.h; path = IDODataMigrationManager.h; sourceTree = "<group>"; };
		9BA6900122B8D02B00A69984 /* IDOSyncGps.h */ = {isa = PBXFileReference; fileEncoding = 4; lastKnownFileType = sourcecode.c.h; path = IDOSyncGps.h; sourceTree = "<group>"; };
		9BA6900222B8D02B00A69984 /* IDOEnum.h */ = {isa = PBXFileReference; fileEncoding = 4; lastKnownFileType = sourcecode.c.h; path = IDOEnum.h; sourceTree = "<group>"; };
		9BA6900322B8D02B00A69984 /* IDOPeripheralModel.h */ = {isa = PBXFileReference; fileEncoding = 4; lastKnownFileType = sourcecode.c.h; path = IDOPeripheralModel.h; sourceTree = "<group>"; };
		9BA6900422B8D02B00A69984 /* IDOSyncActivity.h */ = {isa = PBXFileReference; fileEncoding = 4; lastKnownFileType = sourcecode.c.h; path = IDOSyncActivity.h; sourceTree = "<group>"; };
		9BA6900522B8D02B00A69984 /* IDOBlueDataResponse.h */ = {isa = PBXFileReference; fileEncoding = 4; lastKnownFileType = sourcecode.c.h; path = IDOBlueDataResponse.h; sourceTree = "<group>"; };
		9BA6900622B8D02B00A69984 /* IDOSyncConfig.h */ = {isa = PBXFileReference; fileEncoding = 4; lastKnownFileType = sourcecode.c.h; path = IDOSyncConfig.h; sourceTree = "<group>"; };
		9BA6900722B8D02B00A69984 /* IDOBluetoothEngine.h */ = {isa = PBXFileReference; fileEncoding = 4; lastKnownFileType = sourcecode.c.h; path = IDOBluetoothEngine.h; sourceTree = "<group>"; };
		9BA6900822B8D02B00A69984 /* IDOBluetoothBaseModel.h */ = {isa = PBXFileReference; fileEncoding = 4; lastKnownFileType = sourcecode.c.h; path = IDOBluetoothBaseModel.h; sourceTree = "<group>"; };
		9BA6900922B8D02B00A69984 /* IDOFoundationCommand.h */ = {isa = PBXFileReference; fileEncoding = 4; lastKnownFileType = sourcecode.c.h; path = IDOFoundationCommand.h; sourceTree = "<group>"; };
		9BA6900A22B8D02B00A69984 /* IDOSetInfoBluetoothModel.h */ = {isa = PBXFileReference; fileEncoding = 4; lastKnownFileType = sourcecode.c.h; path = IDOSetInfoBluetoothModel.h; sourceTree = "<group>"; };
		9BA6900B22B8D02B00A69984 /* IDOSyncManager.h */ = {isa = PBXFileReference; fileEncoding = 4; lastKnownFileType = sourcecode.c.h; path = IDOSyncManager.h; sourceTree = "<group>"; };
		9BA6900C22B8D02B00A69984 /* IDOBluetoothServices.h */ = {isa = PBXFileReference; fileEncoding = 4; lastKnownFileType = sourcecode.c.h; path = IDOBluetoothServices.h; sourceTree = "<group>"; };
		9BA6900E22B8D02B00A69984 /* IDOBluetoothManagerDelegate.h */ = {isa = PBXFileReference; fileEncoding = 4; lastKnownFileType = sourcecode.c.h; path = IDOBluetoothManagerDelegate.h; sourceTree = "<group>"; };
		9BA6900F22B8D02B00A69984 /* IDOBluetoothManager.h */ = {isa = PBXFileReference; fileEncoding = 4; lastKnownFileType = sourcecode.c.h; path = IDOBluetoothManager.h; sourceTree = "<group>"; };
		9BA6901122B8D02B00A69984 /* IDOUpdateManagerDelegate.h */ = {isa = PBXFileReference; fileEncoding = 4; lastKnownFileType = sourcecode.c.h; path = IDOUpdateManagerDelegate.h; sourceTree = "<group>"; };
		9BA6901222B8D02B00A69984 /* IDOUpdateFirmwareManager.h */ = {isa = PBXFileReference; fileEncoding = 4; lastKnownFileType = sourcecode.c.h; path = IDOUpdateFirmwareManager.h; sourceTree = "<group>"; };
		9BB448A822B8E8140011845E /* IDOBluetooth.framework */ = {isa = PBXFileReference; lastKnownFileType = wrapper.framework; name = IDOBluetooth.framework; path = ../Embedded/IDOBluetooth.framework; sourceTree = "<group>"; };
		9BB448A922B8E8140011845E /* IDOBlueUpdate.framework */ = {isa = PBXFileReference; lastKnownFileType = wrapper.framework; name = IDOBlueUpdate.framework; path = ../Embedded/IDOBlueUpdate.framework; sourceTree = "<group>"; };
		9BB448AA22B8E8140011845E /* IDOBlueProtocol.framework */ = {isa = PBXFileReference; lastKnownFileType = wrapper.framework; name = IDOBlueProtocol.framework; path = ../Embedded/IDOBlueProtocol.framework; sourceTree = "<group>"; };
		9BD14DD522B2233300F8A5C2 /* GetBlueInfoViewController.swift */ = {isa = PBXFileReference; lastKnownFileType = sourcecode.swift; path = GetBlueInfoViewController.swift; sourceTree = "<group>"; };
		9BD14DDB22B2270F00F8A5C2 /* MASCompositeConstraint.h */ = {isa = PBXFileReference; fileEncoding = 4; lastKnownFileType = sourcecode.c.h; path = MASCompositeConstraint.h; sourceTree = "<group>"; };
		9BD14DDC22B2270F00F8A5C2 /* NSLayoutConstraint+MASDebugAdditions.m */ = {isa = PBXFileReference; fileEncoding = 4; lastKnownFileType = sourcecode.c.objc; path = "NSLayoutConstraint+MASDebugAdditions.m"; sourceTree = "<group>"; };
		9BD14DDD22B2270F00F8A5C2 /* MASConstraint+Private.h */ = {isa = PBXFileReference; fileEncoding = 4; lastKnownFileType = sourcecode.c.h; path = "MASConstraint+Private.h"; sourceTree = "<group>"; };
		9BD14DDE22B2270F00F8A5C2 /* MASLayoutConstraint.h */ = {isa = PBXFileReference; fileEncoding = 4; lastKnownFileType = sourcecode.c.h; path = MASLayoutConstraint.h; sourceTree = "<group>"; };
		9BD14DDF22B2270F00F8A5C2 /* NSArray+MASShorthandAdditions.h */ = {isa = PBXFileReference; fileEncoding = 4; lastKnownFileType = sourcecode.c.h; path = "NSArray+MASShorthandAdditions.h"; sourceTree = "<group>"; };
		9BD14DE022B2270F00F8A5C2 /* MASConstraintMaker.h */ = {isa = PBXFileReference; fileEncoding = 4; lastKnownFileType = sourcecode.c.h; path = MASConstraintMaker.h; sourceTree = "<group>"; };
		9BD14DE122B2270F00F8A5C2 /* View+MASAdditions.h */ = {isa = PBXFileReference; fileEncoding = 4; lastKnownFileType = sourcecode.c.h; path = "View+MASAdditions.h"; sourceTree = "<group>"; };
		9BD14DE222B2270F00F8A5C2 /* NSArray+MASAdditions.h */ = {isa = PBXFileReference; fileEncoding = 4; lastKnownFileType = sourcecode.c.h; path = "NSArray+MASAdditions.h"; sourceTree = "<group>"; };
		9BD14DE322B2270F00F8A5C2 /* MASUtilities.h */ = {isa = PBXFileReference; fileEncoding = 4; lastKnownFileType = sourcecode.c.h; path = MASUtilities.h; sourceTree = "<group>"; };
		9BD14DE422B2270F00F8A5C2 /* MASViewAttribute.h */ = {isa = PBXFileReference; fileEncoding = 4; lastKnownFileType = sourcecode.c.h; path = MASViewAttribute.h; sourceTree = "<group>"; };
		9BD14DE522B2270F00F8A5C2 /* ViewController+MASAdditions.m */ = {isa = PBXFileReference; fileEncoding = 4; lastKnownFileType = sourcecode.c.objc; path = "ViewController+MASAdditions.m"; sourceTree = "<group>"; };
		9BD14DE622B2270F00F8A5C2 /* MASViewConstraint.h */ = {isa = PBXFileReference; fileEncoding = 4; lastKnownFileType = sourcecode.c.h; path = MASViewConstraint.h; sourceTree = "<group>"; };
		9BD14DE722B2270F00F8A5C2 /* MASConstraint.h */ = {isa = PBXFileReference; fileEncoding = 4; lastKnownFileType = sourcecode.c.h; path = MASConstraint.h; sourceTree = "<group>"; };
		9BD14DE822B2270F00F8A5C2 /* NSLayoutConstraint+MASDebugAdditions.h */ = {isa = PBXFileReference; fileEncoding = 4; lastKnownFileType = sourcecode.c.h; path = "NSLayoutConstraint+MASDebugAdditions.h"; sourceTree = "<group>"; };
		9BD14DE922B2270F00F8A5C2 /* MASCompositeConstraint.m */ = {isa = PBXFileReference; fileEncoding = 4; lastKnownFileType = sourcecode.c.objc; path = MASCompositeConstraint.m; sourceTree = "<group>"; };
		9BD14DEA22B2270F00F8A5C2 /* MASConstraintMaker.m */ = {isa = PBXFileReference; fileEncoding = 4; lastKnownFileType = sourcecode.c.objc; path = MASConstraintMaker.m; sourceTree = "<group>"; };
		9BD14DEB22B2270F00F8A5C2 /* MASLayoutConstraint.m */ = {isa = PBXFileReference; fileEncoding = 4; lastKnownFileType = sourcecode.c.objc; path = MASLayoutConstraint.m; sourceTree = "<group>"; };
		9BD14DEC22B2270F00F8A5C2 /* NSArray+MASAdditions.m */ = {isa = PBXFileReference; fileEncoding = 4; lastKnownFileType = sourcecode.c.objc; path = "NSArray+MASAdditions.m"; sourceTree = "<group>"; };
		9BD14DED22B2270F00F8A5C2 /* View+MASAdditions.m */ = {isa = PBXFileReference; fileEncoding = 4; lastKnownFileType = sourcecode.c.objc; path = "View+MASAdditions.m"; sourceTree = "<group>"; };
		9BD14DEE22B2270F00F8A5C2 /* View+MASShorthandAdditions.h */ = {isa = PBXFileReference; fileEncoding = 4; lastKnownFileType = sourcecode.c.h; path = "View+MASShorthandAdditions.h"; sourceTree = "<group>"; };
		9BD14DEF22B2270F00F8A5C2 /* Masonry.h */ = {isa = PBXFileReference; fileEncoding = 4; lastKnownFileType = sourcecode.c.h; path = Masonry.h; sourceTree = "<group>"; };
		9BD14DF022B2270F00F8A5C2 /* MASConstraint.m */ = {isa = PBXFileReference; fileEncoding = 4; lastKnownFileType = sourcecode.c.objc; path = MASConstraint.m; sourceTree = "<group>"; };
		9BD14DF122B2270F00F8A5C2 /* ViewController+MASAdditions.h */ = {isa = PBXFileReference; fileEncoding = 4; lastKnownFileType = sourcecode.c.h; path = "ViewController+MASAdditions.h"; sourceTree = "<group>"; };
		9BD14DF222B2270F00F8A5C2 /* MASViewConstraint.m */ = {isa = PBXFileReference; fileEncoding = 4; lastKnownFileType = sourcecode.c.objc; path = MASViewConstraint.m; sourceTree = "<group>"; };
		9BD14DF322B2270F00F8A5C2 /* MASViewAttribute.m */ = {isa = PBXFileReference; fileEncoding = 4; lastKnownFileType = sourcecode.c.objc; path = MASViewAttribute.m; sourceTree = "<group>"; };
		9BD14E0122B2540B00F8A5C2 /* NSObject+ModelToDic.m */ = {isa = PBXFileReference; fileEncoding = 4; lastKnownFileType = sourcecode.c.objc; path = "NSObject+ModelToDic.m"; sourceTree = "<group>"; };
		9BD14E0222B2540B00F8A5C2 /* NSObject+ModelToDic.h */ = {isa = PBXFileReference; fileEncoding = 4; lastKnownFileType = sourcecode.c.h; path = "NSObject+ModelToDic.h"; sourceTree = "<group>"; };
/* End PBXFileReference section */

/* Begin PBXFrameworksBuildPhase section */
		9B727FFB22AF970D0082D255 /* Frameworks */ = {
			isa = PBXFrameworksBuildPhase;
			buildActionMask = 2147483647;
			files = (
				9BB448AB22B8E8140011845E /* IDOBluetooth.framework in Frameworks */,
				9BB448AC22B8E8140011845E /* IDOBlueUpdate.framework in Frameworks */,
				9BB448AD22B8E8140011845E /* IDOBlueProtocol.framework in Frameworks */,
				9B7C606222B7D3D40048ADDD /* libsqlite3.0.tbd in Frameworks */,
			);
			runOnlyForDeploymentPostprocessing = 0;
		};
/* End PBXFrameworksBuildPhase section */

/* Begin PBXGroup section */
		9B727FF522AF970D0082D255 = {
			isa = PBXGroup;
			children = (
				9B72800022AF970D0082D255 /* SwiftDemo */,
				9B727FFF22AF970D0082D255 /* Products */,
				9B72801322AF979E0082D255 /* Frameworks */,
			);
			sourceTree = "<group>";
		};
		9B727FFF22AF970D0082D255 /* Products */ = {
			isa = PBXGroup;
			children = (
				9B727FFE22AF970D0082D255 /* SwiftDemo.app */,
			);
			name = Products;
			sourceTree = "<group>";
		};
		9B72800022AF970D0082D255 /* SwiftDemo */ = {
			isa = PBXGroup;
			children = (
				9BA68FF422B8D02B00A69984 /* include */,
				9BD14E0022B2540B00F8A5C2 /* Category */,
				9BD14DD922B2270F00F8A5C2 /* Masonry */,
				9B8431D322B0A5DC0061AE5B /* MBProgressHUD */,
				9B72800122AF970D0082D255 /* AppDelegate.swift */,
				9B72800322AF970D0082D255 /* ViewController.swift */,
				9B8431C622B0881E0061AE5B /* BindedViewController.swift */,
				9BD14DD522B2233300F8A5C2 /* GetBlueInfoViewController.swift */,
				9B72800822AF97100082D255 /* Assets.xcassets */,
				9B72800A22AF97100082D255 /* LaunchScreen.storyboard */,
				9B72800D22AF97100082D255 /* Info.plist */,
				9B8431D722B0A6800061AE5B /* SwiftDemo-Bridging-Header.h */,
			);
			path = SwiftDemo;
			sourceTree = "<group>";
		};
		9B72801322AF979E0082D255 /* Frameworks */ = {
			isa = PBXGroup;
			children = (
				9BB448AA22B8E8140011845E /* IDOBlueProtocol.framework */,
				9BB448A822B8E8140011845E /* IDOBluetooth.framework */,
				9BB448A922B8E8140011845E /* IDOBlueUpdate.framework */,
				9B72801C22AF97AF0082D255 /* libsqlite3.0.tbd */,
			);
			name = Frameworks;
			sourceTree = "<group>";
		};
		9B8431D322B0A5DC0061AE5B /* MBProgressHUD */ = {
			isa = PBXGroup;
			children = (
				9B8431D422B0A5DC0061AE5B /* MBProgressHUD.m */,
				9B8431D522B0A5DC0061AE5B /* MBProgressHUD.h */,
			);
			path = MBProgressHUD;
			sourceTree = "<group>";
		};
		9BA68FF422B8D02B00A69984 /* include */ = {
			isa = PBXGroup;
			children = (
				9BA68FF522B8D02B00A69984 /* IDOBlueProtocolStatic */,
				9BA6900D22B8D02B00A69984 /* IDOBluetoothStatic */,
				9BA6901022B8D02B00A69984 /* IDOBlueUpdateStatic */,
			);
			path = include;
			sourceTree = SOURCE_ROOT;
		};
		9BA68FF522B8D02B00A69984 /* IDOBlueProtocolStatic */ = {
			isa = PBXGroup;
			children = (
				9BA68FF622B8D02B00A69984 /* IDOWeightBluetoothModel.h */,
				9BA68FF722B8D02B00A69984 /* IDOSyncInfoBluetoothModel.h */,
				9BA68FF822B8D02B00A69984 /* IDODataExchangeModel.h */,
				9BA68FF922B8D02B00A69984 /* IDOGetInfoBluetoothModel.h */,
				9BA68FFA22B8D02B00A69984 /* IDOSyncBop.h */,
				9BA68FFB22B8D02B00A69984 /* IDOCalculateBluetoothModel.h */,
				9BA68FFC22B8D02B00A69984 /* IDOErrorCodeToStr.h */,
				9BA68FFD22B8D02B00A69984 /* IDOUpdateAgpsManager.h */,
				9BA68FFE22B8D02B00A69984 /* IDOSyncHealth.h */,
				9BA68FFF22B8D02B00A69984 /* IDORecordDeviceLog.h */,
				9BA6900022B8D02B00A69984 /* IDODataMigrationManager.h */,
				9BA6900122B8D02B00A69984 /* IDOSyncGps.h */,
				9BA6900222B8D02B00A69984 /* IDOEnum.h */,
				9BA6900322B8D02B00A69984 /* IDOPeripheralModel.h */,
				9BA6900422B8D02B00A69984 /* IDOSyncActivity.h */,
				9BA6900522B8D02B00A69984 /* IDOBlueDataResponse.h */,
				9BA6900622B8D02B00A69984 /* IDOSyncConfig.h */,
				9BA6900722B8D02B00A69984 /* IDOBluetoothEngine.h */,
				9BA6900822B8D02B00A69984 /* IDOBluetoothBaseModel.h */,
				9BA6900922B8D02B00A69984 /* IDOFoundationCommand.h */,
				9BA6900A22B8D02B00A69984 /* IDOSetInfoBluetoothModel.h */,
				9BA6900B22B8D02B00A69984 /* IDOSyncManager.h */,
				9BA6900C22B8D02B00A69984 /* IDOBluetoothServices.h */,
			);
			path = IDOBlueProtocolStatic;
			sourceTree = "<group>";
		};
		9BA6900D22B8D02B00A69984 /* IDOBluetoothStatic */ = {
			isa = PBXGroup;
			children = (
				9BA6900E22B8D02B00A69984 /* IDOBluetoothManagerDelegate.h */,
				9BA6900F22B8D02B00A69984 /* IDOBluetoothManager.h */,
			);
			path = IDOBluetoothStatic;
			sourceTree = "<group>";
		};
		9BA6901022B8D02B00A69984 /* IDOBlueUpdateStatic */ = {
			isa = PBXGroup;
			children = (
				9BA6901122B8D02B00A69984 /* IDOUpdateManagerDelegate.h */,
				9BA6901222B8D02B00A69984 /* IDOUpdateFirmwareManager.h */,
			);
			path = IDOBlueUpdateStatic;
			sourceTree = "<group>";
		};
		9BD14DD922B2270F00F8A5C2 /* Masonry */ = {
			isa = PBXGroup;
			children = (
				9BD14DDA22B2270F00F8A5C2 /* Masonry */,
			);
			path = Masonry;
			sourceTree = "<group>";
		};
		9BD14DDA22B2270F00F8A5C2 /* Masonry */ = {
			isa = PBXGroup;
			children = (
				9BD14DDB22B2270F00F8A5C2 /* MASCompositeConstraint.h */,
				9BD14DDC22B2270F00F8A5C2 /* NSLayoutConstraint+MASDebugAdditions.m */,
				9BD14DDD22B2270F00F8A5C2 /* MASConstraint+Private.h */,
				9BD14DDE22B2270F00F8A5C2 /* MASLayoutConstraint.h */,
				9BD14DDF22B2270F00F8A5C2 /* NSArray+MASShorthandAdditions.h */,
				9BD14DE022B2270F00F8A5C2 /* MASConstraintMaker.h */,
				9BD14DE122B2270F00F8A5C2 /* View+MASAdditions.h */,
				9BD14DE222B2270F00F8A5C2 /* NSArray+MASAdditions.h */,
				9BD14DE322B2270F00F8A5C2 /* MASUtilities.h */,
				9BD14DE422B2270F00F8A5C2 /* MASViewAttribute.h */,
				9BD14DE522B2270F00F8A5C2 /* ViewController+MASAdditions.m */,
				9BD14DE622B2270F00F8A5C2 /* MASViewConstraint.h */,
				9BD14DE722B2270F00F8A5C2 /* MASConstraint.h */,
				9BD14DE822B2270F00F8A5C2 /* NSLayoutConstraint+MASDebugAdditions.h */,
				9BD14DE922B2270F00F8A5C2 /* MASCompositeConstraint.m */,
				9BD14DEA22B2270F00F8A5C2 /* MASConstraintMaker.m */,
				9BD14DEB22B2270F00F8A5C2 /* MASLayoutConstraint.m */,
				9BD14DEC22B2270F00F8A5C2 /* NSArray+MASAdditions.m */,
				9BD14DED22B2270F00F8A5C2 /* View+MASAdditions.m */,
				9BD14DEE22B2270F00F8A5C2 /* View+MASShorthandAdditions.h */,
				9BD14DEF22B2270F00F8A5C2 /* Masonry.h */,
				9BD14DF022B2270F00F8A5C2 /* MASConstraint.m */,
				9BD14DF122B2270F00F8A5C2 /* ViewController+MASAdditions.h */,
				9BD14DF222B2270F00F8A5C2 /* MASViewConstraint.m */,
				9BD14DF322B2270F00F8A5C2 /* MASViewAttribute.m */,
			);
			path = Masonry;
			sourceTree = "<group>";
		};
		9BD14E0022B2540B00F8A5C2 /* Category */ = {
			isa = PBXGroup;
			children = (
				9BD14E0122B2540B00F8A5C2 /* NSObject+ModelToDic.m */,
				9BD14E0222B2540B00F8A5C2 /* NSObject+ModelToDic.h */,
			);
			path = Category;
			sourceTree = "<group>";
		};
/* End PBXGroup section */

/* Begin PBXNativeTarget section */
		9B727FFD22AF970D0082D255 /* SwiftDemo */ = {
			isa = PBXNativeTarget;
			buildConfigurationList = 9B72801022AF97100082D255 /* Build configuration list for PBXNativeTarget "SwiftDemo" */;
			buildPhases = (
				9B727FFA22AF970D0082D255 /* Sources */,
				9B727FFB22AF970D0082D255 /* Frameworks */,
				9B727FFC22AF970D0082D255 /* Resources */,
			);
			buildRules = (
			);
			dependencies = (
			);
			name = SwiftDemo;
			productName = testDemo;
			productReference = 9B727FFE22AF970D0082D255 /* SwiftDemo.app */;
			productType = "com.apple.product-type.application";
		};
/* End PBXNativeTarget section */

/* Begin PBXProject section */
		9B727FF622AF970D0082D255 /* Project object */ = {
			isa = PBXProject;
			attributes = {
				LastSwiftUpdateCheck = 1020;
				LastUpgradeCheck = 1020;
				ORGANIZATIONNAME = "何东阳";
				TargetAttributes = {
					9B727FFD22AF970D0082D255 = {
						CreatedOnToolsVersion = 10.2.1;
						SystemCapabilities = {
							com.apple.BackgroundModes = {
								enabled = 1;
							};
						};
					};
				};
			};
			buildConfigurationList = 9B727FF922AF970D0082D255 /* Build configuration list for PBXProject "SwiftDemo" */;
			compatibilityVersion = "Xcode 9.3";
			developmentRegion = en;
			hasScannedForEncodings = 0;
			knownRegions = (
				en,
				Base,
			);
			mainGroup = 9B727FF522AF970D0082D255;
			productRefGroup = 9B727FFF22AF970D0082D255 /* Products */;
			projectDirPath = "";
			projectRoot = "";
			targets = (
				9B727FFD22AF970D0082D255 /* SwiftDemo */,
			);
		};
/* End PBXProject section */

/* Begin PBXResourcesBuildPhase section */
		9B727FFC22AF970D0082D255 /* Resources */ = {
			isa = PBXResourcesBuildPhase;
			buildActionMask = 2147483647;
			files = (
				9B72800C22AF97100082D255 /* LaunchScreen.storyboard in Resources */,
				9B72800922AF97100082D255 /* Assets.xcassets in Resources */,
			);
			runOnlyForDeploymentPostprocessing = 0;
		};
/* End PBXResourcesBuildPhase section */

/* Begin PBXSourcesBuildPhase section */
		9B727FFA22AF970D0082D255 /* Sources */ = {
			isa = PBXSourcesBuildPhase;
			buildActionMask = 2147483647;
			files = (
				9BD14DFD22B2270F00F8A5C2 /* MASViewConstraint.m in Sources */,
				9B8431C722B0881E0061AE5B /* BindedViewController.swift in Sources */,
				9BD14DF822B2270F00F8A5C2 /* MASConstraintMaker.m in Sources */,
				9B72800422AF970D0082D255 /* ViewController.swift in Sources */,
				9BD14DF622B2270F00F8A5C2 /* ViewController+MASAdditions.m in Sources */,
				9BD14DF522B2270F00F8A5C2 /* NSLayoutConstraint+MASDebugAdditions.m in Sources */,
				9BD14DF722B2270F00F8A5C2 /* MASCompositeConstraint.m in Sources */,
				9BD14DD622B2233300F8A5C2 /* GetBlueInfoViewController.swift in Sources */,
				9BD14DF922B2270F00F8A5C2 /* MASLayoutConstraint.m in Sources */,
				9BD14DFB22B2270F00F8A5C2 /* View+MASAdditions.m in Sources */,
				9BD14E0322B2540B00F8A5C2 /* NSObject+ModelToDic.m in Sources */,
				9BD14DFA22B2270F00F8A5C2 /* NSArray+MASAdditions.m in Sources */,
				9B72800222AF970D0082D255 /* AppDelegate.swift in Sources */,
				9B8431D622B0A5DC0061AE5B /* MBProgressHUD.m in Sources */,
				9BD14DFE22B2270F00F8A5C2 /* MASViewAttribute.m in Sources */,
				9BD14DFC22B2270F00F8A5C2 /* MASConstraint.m in Sources */,
			);
			runOnlyForDeploymentPostprocessing = 0;
		};
/* End PBXSourcesBuildPhase section */

/* Begin PBXVariantGroup section */
		9B72800A22AF97100082D255 /* LaunchScreen.storyboard */ = {
			isa = PBXVariantGroup;
			children = (
				9B72800B22AF97100082D255 /* Base */,
			);
			name = LaunchScreen.storyboard;
			sourceTree = "<group>";
		};
/* End PBXVariantGroup section */

/* Begin XCBuildConfiguration section */
		9B72800E22AF97100082D255 /* Debug */ = {
			isa = XCBuildConfiguration;
			buildSettings = {
				ALWAYS_SEARCH_USER_PATHS = NO;
				CLANG_ANALYZER_NONNULL = YES;
				CLANG_ANALYZER_NUMBER_OBJECT_CONVERSION = YES_AGGRESSIVE;
				CLANG_CXX_LANGUAGE_STANDARD = "gnu++14";
				CLANG_CXX_LIBRARY = "libc++";
				CLANG_ENABLE_MODULES = YES;
				CLANG_ENABLE_OBJC_ARC = YES;
				CLANG_ENABLE_OBJC_WEAK = YES;
				CLANG_WARN_BLOCK_CAPTURE_AUTORELEASING = YES;
				CLANG_WARN_BOOL_CONVERSION = YES;
				CLANG_WARN_COMMA = YES;
				CLANG_WARN_CONSTANT_CONVERSION = YES;
				CLANG_WARN_DEPRECATED_OBJC_IMPLEMENTATIONS = YES;
				CLANG_WARN_DIRECT_OBJC_ISA_USAGE = YES_ERROR;
				CLANG_WARN_DOCUMENTATION_COMMENTS = YES;
				CLANG_WARN_EMPTY_BODY = YES;
				CLANG_WARN_ENUM_CONVERSION = YES;
				CLANG_WARN_INFINITE_RECURSION = YES;
				CLANG_WARN_INT_CONVERSION = YES;
				CLANG_WARN_NON_LITERAL_NULL_CONVERSION = YES;
				CLANG_WARN_OBJC_IMPLICIT_RETAIN_SELF = YES;
				CLANG_WARN_OBJC_LITERAL_CONVERSION = YES;
				CLANG_WARN_OBJC_ROOT_CLASS = YES_ERROR;
				CLANG_WARN_RANGE_LOOP_ANALYSIS = YES;
				CLANG_WARN_STRICT_PROTOTYPES = YES;
				CLANG_WARN_SUSPICIOUS_MOVE = YES;
				CLANG_WARN_UNGUARDED_AVAILABILITY = YES_AGGRESSIVE;
				CLANG_WARN_UNREACHABLE_CODE = YES;
				CLANG_WARN__DUPLICATE_METHOD_MATCH = YES;
				CODE_SIGN_IDENTITY = "iPhone Developer";
				COPY_PHASE_STRIP = NO;
				DEBUG_INFORMATION_FORMAT = dwarf;
				ENABLE_STRICT_OBJC_MSGSEND = YES;
				ENABLE_TESTABILITY = YES;
				GCC_C_LANGUAGE_STANDARD = gnu11;
				GCC_DYNAMIC_NO_PIC = NO;
				GCC_NO_COMMON_BLOCKS = YES;
				GCC_OPTIMIZATION_LEVEL = 0;
				GCC_PREPROCESSOR_DEFINITIONS = (
					"DEBUG=1",
					"$(inherited)",
				);
				GCC_WARN_64_TO_32_BIT_CONVERSION = YES;
				GCC_WARN_ABOUT_RETURN_TYPE = YES_ERROR;
				GCC_WARN_UNDECLARED_SELECTOR = YES;
				GCC_WARN_UNINITIALIZED_AUTOS = YES_AGGRESSIVE;
				GCC_WARN_UNUSED_FUNCTION = YES;
				GCC_WARN_UNUSED_VARIABLE = YES;
				IPHONEOS_DEPLOYMENT_TARGET = 8.0;
				MTL_ENABLE_DEBUG_INFO = INCLUDE_SOURCE;
				MTL_FAST_MATH = YES;
				ONLY_ACTIVE_ARCH = YES;
				SDKROOT = iphoneos;
				SWIFT_ACTIVE_COMPILATION_CONDITIONS = DEBUG;
				SWIFT_OPTIMIZATION_LEVEL = "-Onone";
			};
			name = Debug;
		};
		9B72800F22AF97100082D255 /* Release */ = {
			isa = XCBuildConfiguration;
			buildSettings = {
				ALWAYS_SEARCH_USER_PATHS = NO;
				CLANG_ANALYZER_NONNULL = YES;
				CLANG_ANALYZER_NUMBER_OBJECT_CONVERSION = YES_AGGRESSIVE;
				CLANG_CXX_LANGUAGE_STANDARD = "gnu++14";
				CLANG_CXX_LIBRARY = "libc++";
				CLANG_ENABLE_MODULES = YES;
				CLANG_ENABLE_OBJC_ARC = YES;
				CLANG_ENABLE_OBJC_WEAK = YES;
				CLANG_WARN_BLOCK_CAPTURE_AUTORELEASING = YES;
				CLANG_WARN_BOOL_CONVERSION = YES;
				CLANG_WARN_COMMA = YES;
				CLANG_WARN_CONSTANT_CONVERSION = YES;
				CLANG_WARN_DEPRECATED_OBJC_IMPLEMENTATIONS = YES;
				CLANG_WARN_DIRECT_OBJC_ISA_USAGE = YES_ERROR;
				CLANG_WARN_DOCUMENTATION_COMMENTS = YES;
				CLANG_WARN_EMPTY_BODY = YES;
				CLANG_WARN_ENUM_CONVERSION = YES;
				CLANG_WARN_INFINITE_RECURSION = YES;
				CLANG_WARN_INT_CONVERSION = YES;
				CLANG_WARN_NON_LITERAL_NULL_CONVERSION = YES;
				CLANG_WARN_OBJC_IMPLICIT_RETAIN_SELF = YES;
				CLANG_WARN_OBJC_LITERAL_CONVERSION = YES;
				CLANG_WARN_OBJC_ROOT_CLASS = YES_ERROR;
				CLANG_WARN_RANGE_LOOP_ANALYSIS = YES;
				CLANG_WARN_STRICT_PROTOTYPES = YES;
				CLANG_WARN_SUSPICIOUS_MOVE = YES;
				CLANG_WARN_UNGUARDED_AVAILABILITY = YES_AGGRESSIVE;
				CLANG_WARN_UNREACHABLE_CODE = YES;
				CLANG_WARN__DUPLICATE_METHOD_MATCH = YES;
				CODE_SIGN_IDENTITY = "iPhone Developer";
				COPY_PHASE_STRIP = NO;
				DEBUG_INFORMATION_FORMAT = "dwarf-with-dsym";
				ENABLE_NS_ASSERTIONS = NO;
				ENABLE_STRICT_OBJC_MSGSEND = YES;
				GCC_C_LANGUAGE_STANDARD = gnu11;
				GCC_NO_COMMON_BLOCKS = YES;
				GCC_WARN_64_TO_32_BIT_CONVERSION = YES;
				GCC_WARN_ABOUT_RETURN_TYPE = YES_ERROR;
				GCC_WARN_UNDECLARED_SELECTOR = YES;
				GCC_WARN_UNINITIALIZED_AUTOS = YES_AGGRESSIVE;
				GCC_WARN_UNUSED_FUNCTION = YES;
				GCC_WARN_UNUSED_VARIABLE = YES;
				IPHONEOS_DEPLOYMENT_TARGET = 8.0;
				MTL_ENABLE_DEBUG_INFO = NO;
				MTL_FAST_MATH = YES;
				SDKROOT = iphoneos;
				SWIFT_COMPILATION_MODE = wholemodule;
				SWIFT_OPTIMIZATION_LEVEL = "-O";
				VALIDATE_PRODUCT = YES;
			};
			name = Release;
		};
		9B72801122AF97100082D255 /* Debug */ = {
			isa = XCBuildConfiguration;
			buildSettings = {
				ALWAYS_EMBED_SWIFT_STANDARD_LIBRARIES = YES;
				ASSETCATALOG_COMPILER_APPICON_NAME = AppIcon;
				CODE_SIGN_STYLE = Automatic;
				DEFINES_MODULE = YES;
				DEVELOPMENT_TEAM = T65EE75V48;
				ENABLE_BITCODE = NO;
				ENABLE_ONLY_ACTIVE_RESOURCES = YES;
				FRAMEWORK_SEARCH_PATHS = ../Embedded;
				INFOPLIST_FILE = SwiftDemo/Info.plist;
				IPHONEOS_DEPLOYMENT_TARGET = 8.0;
				LD_RUNPATH_SEARCH_PATHS = (
					"$(inherited)",
					"@executable_path/Frameworks",
				);
				LIBRARY_SEARCH_PATHS = ../Embedded;
				ONLY_ACTIVE_ARCH = NO;
				OTHER_LDFLAGS = "-ObjC";
				PRODUCT_BUNDLE_IDENTIFIER = com.ido.demo;
				PRODUCT_NAME = "$(TARGET_NAME)";
				SWIFT_OBJC_BRIDGING_HEADER = "SwiftDemo/SwiftDemo-Bridging-Header.h";
				SWIFT_VERSION = 4.0;
				TARGETED_DEVICE_FAMILY = 1;
			};
			name = Debug;
		};
		9B72801222AF97100082D255 /* Release */ = {
			isa = XCBuildConfiguration;
			buildSettings = {
				ALWAYS_EMBED_SWIFT_STANDARD_LIBRARIES = YES;
				ASSETCATALOG_COMPILER_APPICON_NAME = AppIcon;
				CODE_SIGN_STYLE = Automatic;
				DEFINES_MODULE = YES;
				DEVELOPMENT_TEAM = T65EE75V48;
				ENABLE_BITCODE = NO;
				ENABLE_ONLY_ACTIVE_RESOURCES = YES;
				FRAMEWORK_SEARCH_PATHS = ../Embedded;
				INFOPLIST_FILE = SwiftDemo/Info.plist;
				IPHONEOS_DEPLOYMENT_TARGET = 8.0;
				LD_RUNPATH_SEARCH_PATHS = (
					"$(inherited)",
					"@executable_path/Frameworks",
				);
				LIBRARY_SEARCH_PATHS = ../Embedded;
				OTHER_LDFLAGS = "-ObjC";
				PRODUCT_BUNDLE_IDENTIFIER = com.ido.demo;
				PRODUCT_NAME = "$(TARGET_NAME)";
				SWIFT_OBJC_BRIDGING_HEADER = "SwiftDemo/SwiftDemo-Bridging-Header.h";
				SWIFT_VERSION = 4.0;
				TARGETED_DEVICE_FAMILY = 1;
			};
			name = Release;
		};
/* End XCBuildConfiguration section */

/* Begin XCConfigurationList section */
		9B727FF922AF970D0082D255 /* Build configuration list for PBXProject "SwiftDemo" */ = {
			isa = XCConfigurationList;
			buildConfigurations = (
				9B72800E22AF97100082D255 /* Debug */,
				9B72800F22AF97100082D255 /* Release */,
			);
			defaultConfigurationIsVisible = 0;
			defaultConfigurationName = Release;
		};
		9B72801022AF97100082D255 /* Build configuration list for PBXNativeTarget "SwiftDemo" */ = {
			isa = XCConfigurationList;
			buildConfigurations = (
				9B72801122AF97100082D255 /* Debug */,
				9B72801222AF97100082D255 /* Release */,
			);
			defaultConfigurationIsVisible = 0;
			defaultConfigurationName = Release;
		};
/* End XCConfigurationList section */
	};
	rootObject = 9B727FF622AF970D0082D255 /* Project object */;
}
